{
  "name": "baoyu-danger-gemini-web-scripts",
  "lockfileVersion": 3,
  "requires": true,
  "packages": {
    "": {
      "name": "baoyu-danger-gemini-web-scripts",
      "dependencies": {
        "baoyu-chrome-cdp": "file:../../../packages/baoyu-chrome-cdp"
      }
    },
    "../../../packages/baoyu-chrome-cdp": {
      "version": "0.1.0",
      "engines": {
        "bun": ">=1.2.0"
      }
    },
    "node_modules/baoyu-chrome-cdp": {
      "resolved": "../../../packages/baoyu-chrome-cdp",
      "link": true
    }
  }
}
